
Microsoft Visual Studio Solution File, Format Version 12.00
# Visual Studio Version 17
VisualStudioVersion = 17.14.36717.8 d17.14
MinimumVisualStudioVersion = 10.0.40219.1
Project("{FAE04EC0-301F-11D3-BF4B-00C04F79EFBC}") = "ModuleSixApp2", "ModuleSixApp2.csproj", "{08447C0B-C1EA-4A2D-B1EB-199737017BCB}"
EndProject
Global
	GlobalSection(SolutionConfigurationPlatforms) = preSolution
		Debug|Any CPU = Debug|Any CPU
		Release|Any CPU = Release|Any CPU
	EndGlobalSection
	GlobalSection(ProjectConfigurationPlatforms) = postSolution
		{08447C0B-C1EA-4A2D-B1EB-199737017BCB}.Debug|Any CPU.ActiveCfg = Debug|Any CPU
		{08447C0B-C1EA-4A2D-B1EB-199737017BCB}.Debug|Any CPU.Build.0 = Debug|Any CPU
		{08447C0B-C1EA-4A2D-B1EB-199737017BCB}.Release|Any CPU.ActiveCfg = Release|Any CPU
		{08447C0B-C1EA-4A2D-B1EB-199737017BCB}.Release|Any CPU.Build.0 = Release|Any CPU
	EndGlobalSection
	GlobalSection(SolutionProperties) = preSolution
		HideSolutionNode = FALSE
	EndGlobalSection
	GlobalSection(ExtensibilityGlobals) = postSolution
		SolutionGuid = {88ABB6DA-65CD-4950-AD7F-E0E1723A619C}
	EndGlobalSection
EndGlobal
